Microsoft Visual Studio Solution File, Format Version 12.00
# Visual Studio Version 17
VisualStudioVersion = 17.5.2.0
MinimumVisualStudioVersion = 10.0.40219.1
Project("{2150E333-8FDC-42A3-9474-1A3956D46DE8}") = "tests", "tests", "{0AB3BF05-4346-4AA6-1389-037BE0695223}"
EndProject
Project("{2150E333-8FDC-42A3-9474-1A3956D46DE8}") = "src", "src", "{827E0CD3-B72D-47B6-A68D-7590B98EB39B}"
EndProject
Project("{FAE04EC0-301F-11D3-BF4B-00C04F79EFBC}") = "CareerCopilot.UnitTests", "tests\CareerCopilot.UnitTests\CareerCopilot.UnitTests.csproj", "{5E839CC7-E015-6D63-5F17-25F26B61B574}"
EndProject
Project("{FAE04EC0-301F-11D3-BF4B-00C04F79EFBC}") = "CareerCopilot.Agents", "src\CareerCopilot.Agents\CareerCopilot.Agents.csproj", "{4FDA5BA3-2B20-E1DD-7325-A7AB897F153B}"
EndProject
Project("{FAE04EC0-301F-11D3-BF4B-00C04F79EFBC}") = "CareerCopilot.Api", "src\CareerCopilot.Api\CareerCopilot.Api.csproj", "{DC1BFB6F-56F4-ED18-B44F-5EED792AE0C4}"
EndProject
Project("{FAE04EC0-301F-11D3-BF4B-00C04F79EFBC}") = "CareerCopilot.Domain", "src\CareerCopilot.Domain\CareerCopilot.Domain.csproj", "{ED135C36-FA8C-2642-A5D9-AAC690A0C4B8}"
EndProject
Project("{FAE04EC0-301F-11D3-BF4B-00C04F79EFBC}") = "CareerCopilot.Infrastructure", "src\CareerCopilot.Infrastructure\CareerCopilot.Infrastructure.csproj", "{B57781FA-C5CB-EA37-198F-D7596651FE58}"
EndProject
Project("{FAE04EC0-301F-11D3-BF4B-00C04F79EFBC}") = "CareerCopilot.Application", "src\CareerCopilot.Application\CareerCopilot.Application.csproj", "{62983E7C-8D5A-FB22-672E-86302A279F39}"
EndProject
Global
	GlobalSection(SolutionConfigurationPlatforms) = preSolution
		Debug|Any CPU = Debug|Any CPU
		Release|Any CPU = Release|Any CPU
	EndGlobalSection
	GlobalSection(ProjectConfigurationPlatforms) = postSolution
		{5E839CC7-E015-6D63-5F17-25F26B61B574}.Debug|Any CPU.ActiveCfg = Debug|Any CPU
		{5E839CC7-E015-6D63-5F17-25F26B61B574}.Debug|Any CPU.Build.0 = Debug|Any CPU
		{5E839CC7-E015-6D63-5F17-25F26B61B574}.Release|Any CPU.ActiveCfg = Release|Any CPU
		{5E839CC7-E015-6D63-5F17-25F26B61B574}.Release|Any CPU.Build.0 = Release|Any CPU
		{4FDA5BA3-2B20-E1DD-7325-A7AB897F153B}.Debug|Any CPU.ActiveCfg = Debug|Any CPU
		{4FDA5BA3-2B20-E1DD-7325-A7AB897F153B}.Debug|Any CPU.Build.0 = Debug|Any CPU
		{4FDA5BA3-2B20-E1DD-7325-A7AB897F153B}.Release|Any CPU.ActiveCfg = Release|Any CPU
		{4FDA5BA3-2B20-E1DD-7325-A7AB897F153B}.Release|Any CPU.Build.0 = Release|Any CPU
		{DC1BFB6F-56F4-ED18-B44F-5EED792AE0C4}.Debug|Any CPU.ActiveCfg = Debug|Any CPU
		{DC1BFB6F-56F4-ED18-B44F-5EED792AE0C4}.Debug|Any CPU.Build.0 = Debug|Any CPU
		{DC1BFB6F-56F4-ED18-B44F-5EED792AE0C4}.Release|Any CPU.ActiveCfg = Release|Any CPU
		{DC1BFB6F-56F4-ED18-B44F-5EED792AE0C4}.Release|Any CPU.Build.0 = Release|Any CPU
		{ED135C36-FA8C-2642-A5D9-AAC690A0C4B8}.Debug|Any CPU.ActiveCfg = Debug|Any CPU
		{ED135C36-FA8C-2642-A5D9-AAC690A0C4B8}.Debug|Any CPU.Build.0 = Debug|Any CPU
		{ED135C36-FA8C-2642-A5D9-AAC690A0C4B8}.Release|Any CPU.ActiveCfg = Release|Any CPU
		{ED135C36-FA8C-2642-A5D9-AAC690A0C4B8}.Release|Any CPU.Build.0 = Release|Any CPU
		{B57781FA-C5CB-EA37-198F-D7596651FE58}.Debug|Any CPU.ActiveCfg = Debug|Any CPU
		{B57781FA-C5CB-EA37-198F-D7596651FE58}.Debug|Any CPU.Build.0 = Debug|Any CPU
		{B57781FA-C5CB-EA37-198F-D7596651FE58}.Release|Any CPU.ActiveCfg = Release|Any CPU
		{B57781FA-C5CB-EA37-198F-D7596651FE58}.Release|Any CPU.Build.0 = Release|Any CPU
		{62983E7C-8D5A-FB22-672E-86302A279F39}.Debug|Any CPU.ActiveCfg = Debug|Any CPU
		{62983E7C-8D5A-FB22-672E-86302A279F39}.Debug|Any CPU.Build.0 = Debug|Any CPU
		{62983E7C-8D5A-FB22-672E-86302A279F39}.Release|Any CPU.ActiveCfg = Release|Any CPU
		{62983E7C-8D5A-FB22-672E-86302A279F39}.Release|Any CPU.Build.0 = Release|Any CPU
	EndGlobalSection
	GlobalSection(SolutionProperties) = preSolution
		HideSolutionNode = FALSE
	EndGlobalSection
	GlobalSection(NestedProjects) = preSolution
		{5E839CC7-E015-6D63-5F17-25F26B61B574} = {0AB3BF05-4346-4AA6-1389-037BE0695223}
		{4FDA5BA3-2B20-E1DD-7325-A7AB897F153B} = {827E0CD3-B72D-47B6-A68D-7590B98EB39B}
		{DC1BFB6F-56F4-ED18-B44F-5EED792AE0C4} = {827E0CD3-B72D-47B6-A68D-7590B98EB39B}
		{ED135C36-FA8C-2642-A5D9-AAC690A0C4B8} = {827E0CD3-B72D-47B6-A68D-7590B98EB39B}
		{B57781FA-C5CB-EA37-198F-D7596651FE58} = {827E0CD3-B72D-47B6-A68D-7590B98EB39B}
		{62983E7C-8D5A-FB22-672E-86302A279F39} = {827E0CD3-B72D-47B6-A68D-7590B98EB39B}
	EndGlobalSection
	GlobalSection(ExtensibilityGlobals) = postSolution
		SolutionGuid = {799C1055-50F7-4BB2-977A-0A5FE1CAFFAB}
	EndGlobalSection
EndGlobal
